
Microsoft Visual Studio Solution File, Format Version 12.00
# Visual Studio Version 17
VisualStudioVersion = 17.5.33627.172
MinimumVisualStudioVersion = 10.0.40219.1
Project("{FAE04EC0-301F-11D3-BF4B-00C04F79EFBC}") = "FlourishCards", "FlourishCards\FlourishCards.csproj", "{FFFBB0A8-5E26-4E93-B7D7-FE803BC38693}"
EndProject
Global
	GlobalSection(SolutionConfigurationPlatforms) = preSolution
		Debug|Any CPU = Debug|Any CPU
		Release|Any CPU = Release|Any CPU
	EndGlobalSection
	GlobalSection(ProjectConfigurationPlatforms) = postSolution
		{FFFBB0A8-5E26-4E93-B7D7-FE803BC38693}.Debug|Any CPU.ActiveCfg = Debug|Any CPU
		{FFFBB0A8-5E26-4E93-B7D7-FE803BC38693}.Debug|Any CPU.Build.0 = Debug|Any CPU
		{FFFBB0A8-5E26-4E93-B7D7-FE803BC38693}.Release|Any CPU.ActiveCfg = Release|Any CPU
		{FFFBB0A8-5E26-4E93-B7D7-FE803BC38693}.Release|Any CPU.Build.0 = Release|Any CPU
	EndGlobalSection
	GlobalSection(SolutionProperties) = preSolution
		HideSolutionNode = FALSE
	EndGlobalSection
	GlobalSection(ExtensibilityGlobals) = postSolution
		SolutionGuid = {E84BAE0E-71F6-4DF6-99D5-58C6E3DF83C1}
	EndGlobalSection
EndGlobal
